
Microsoft Visual Studio Solution File, Format Version 12.00
# Visual Studio Version 16
VisualStudioVersion = 16.0.32002.261
MinimumVisualStudioVersion = 10.0.40219.1
Project("{FAE04EC0-301F-11D3-BF4B-00C04F79EFBC}") = "Project02", "Project02.csproj", "{A1D35D50-94FB-442D-8085-656C59D41174}"
EndProject
Global
	GlobalSection(SolutionConfigurationPlatforms) = preSolution
		Debug|Any CPU = Debug|Any CPU
		Release|Any CPU = Release|Any CPU
	EndGlobalSection
	GlobalSection(ProjectConfigurationPlatforms) = postSolution
		{A1D35D50-94FB-442D-8085-656C59D41174}.Debug|Any CPU.ActiveCfg = Debug|Any CPU
		{A1D35D50-94FB-442D-8085-656C59D41174}.Debug|Any CPU.Build.0 = Debug|Any CPU
		{A1D35D50-94FB-442D-8085-656C59D41174}.Release|Any CPU.ActiveCfg = Release|Any CPU
		{A1D35D50-94FB-442D-8085-656C59D41174}.Release|Any CPU.Build.0 = Release|Any CPU
	EndGlobalSection
	GlobalSection(SolutionProperties) = preSolution
		HideSolutionNode = FALSE
	EndGlobalSection
	GlobalSection(ExtensibilityGlobals) = postSolution
		SolutionGuid = {128F8096-BF3A-4587-BC50-BA38E5A9DE67}
	EndGlobalSection
EndGlobal
